
Microsoft Visual Studio Solution File, Format Version 12.00
# Visual Studio Version 17
VisualStudioVersion = 17.14.36414.22 d17.14
MinimumVisualStudioVersion = 10.0.40219.1
Project("{FAE04EC0-301F-11D3-BF4B-00C04F79EFBC}") = "Calculator project", "Calculator project\Calculator project.csproj", "{C56526A3-9F86-4707-AD49-98267DC94EED}"
EndProject
Global
	GlobalSection(SolutionConfigurationPlatforms) = preSolution
		Debug|Any CPU = Debug|Any CPU
		Release|Any CPU = Release|Any CPU
	EndGlobalSection
	GlobalSection(ProjectConfigurationPlatforms) = postSolution
		{C56526A3-9F86-4707-AD49-98267DC94EED}.Debug|Any CPU.ActiveCfg = Debug|Any CPU
		{C56526A3-9F86-4707-AD49-98267DC94EED}.Debug|Any CPU.Build.0 = Debug|Any CPU
		{C56526A3-9F86-4707-AD49-98267DC94EED}.Release|Any CPU.ActiveCfg = Release|Any CPU
		{C56526A3-9F86-4707-AD49-98267DC94EED}.Release|Any CPU.Build.0 = Release|Any CPU
	EndGlobalSection
	GlobalSection(SolutionProperties) = preSolution
		HideSolutionNode = FALSE
	EndGlobalSection
	GlobalSection(ExtensibilityGlobals) = postSolution
		SolutionGuid = {069A4824-D6AF-4E67-88BB-6103339F9CA8}
	EndGlobalSection
EndGlobal
